PODS:
  - agora_rtc_engine (6.6.3):
    - AgoraIrisRTC_iOS2 (= 4.6.2-build.1)
    - AgoraVideo_Special_iOS (= 4.6.2.70)
    - Flutter
  - AgoraIrisRTC_iOS2 (4.6.2-build.1)
  - AgoraVideo_Special_iOS (4.6.2.70)
  - Flutter (1.0.0)
  - iris_method_channel (0.0.1):
    - Flutter
  - permission_handler_apple (9.3.0):
    - Flutter

DEPENDENCIES:
  - agora_rtc_engine (from `.symlinks/plugins/agora_rtc_engine/ios`)
  - Flutter (from `Flutter`)
  - iris_method_channel (from `.symlinks/plugins/iris_method_channel/ios`)
  - permission_handler_apple (from `.symlinks/plugins/permission_handler_apple/ios`)

SPEC REPOS:
  trunk:
    - AgoraIrisRTC_iOS2
    - AgoraVideo_Special_iOS

EXTERNAL SOURCES:
  agora_rtc_engine:
    :path: ".symlinks/plugins/agora_rtc_engine/ios"
  Flutter:
    :path: Flutter
  iris_method_channel:
    :path: ".symlinks/plugins/iris_method_channel/ios"
  permission_handler_apple:
    :path: ".symlinks/plugins/permission_handler_apple/ios"

SPEC CHECKSUMS:
  agora_rtc_engine: eb07ef3cf67c06a20fbdfc7f67b09c5ffb4be324
  AgoraIrisRTC_iOS2: 13996c3c78134da357634f6a1a12741436658886
  AgoraVideo_Special_iOS: 9bd42c487f936f4d335d5630e2632f0b08e214f5
  Flutter: cabc95a1d2626b1b06e7179b784ebcf0c0cde467
  iris_method_channel: 7d661cf3259b3009ae423508470dbeb9374446ee
  permission_handler_apple: 4ed2196e43d0651e8ff7ca3483a069d469701f2d

PODFILE CHECKSUM: 3c63482e143d1b91d2d2560aee9fb04ecc74ac7e

COCOAPODS: 1.16.2
